
Microsoft Visual Studio Solution File, Format Version 11.00
# Visual Studio 2010
Project("{8BC9CEB8-8B4A-11D0-8D11-00A0C91BC942}") = "Client", "Client.vcxproj", "{DA586C7C-9B8D-42C5-8EDF-9474F4F5AFAA}"
EndProject
Global
	GlobalSection(SolutionConfigurationPlatforms) = preSolution
		Debug|Win32 = Debug|Win32
		Release|Win32 = Release|Win32
	EndGlobalSection
	GlobalSection(ProjectConfigurationPlatforms) = postSolution
		{DA586C7C-9B8D-42C5-8EDF-9474F4F5AFAA}.Debug|Win32.ActiveCfg = Debug|Win32
		{DA586C7C-9B8D-42C5-8EDF-9474F4F5AFAA}.Debug|Win32.Build.0 = Debug|Win32
		{DA586C7C-9B8D-42C5-8EDF-9474F4F5AFAA}.Release|Win32.ActiveCfg = Release|Win32
		{DA586C7C-9B8D-42C5-8EDF-9474F4F5AFAA}.Release|Win32.Build.0 = Release|Win32
	EndGlobalSection
	GlobalSection(SolutionProperties) = preSolution
		HideSolutionNode = FALSE
	EndGlobalSection
EndGlobal
